{
  "name": "jolt",
  "requires": true,
  "lockfileVersion": 1,
  "dependencies": {
    "pnpm": {
      "version": "5.9.3",
      "resolved": "https://registry.npmjs.org/pnpm/-/pnpm-5.9.3.tgz",
      "integrity": "sha512-MyN/jR/WfM7SPnnrkaEoQ2+cOhoSAnhzJ2sDOF7yZKyjh0sYuvGcijeZYbyWJ0r5C0vtBPV5SRtiLaHvwYWZBg==",
      "dev": true
    }
  }
}
