{
  "name": "jolt",
  "requires": true,
  "lockfileVersion": 1,
  "dependencies": {
    "pnpm": {
      "version": "5.10.2",
      "resolved": "https://registry.npmjs.org/pnpm/-/pnpm-5.10.2.tgz",
      "integrity": "sha512-3HDpY/YL3gvCSRoTUPlfOp9gEPWyziltkhJC7zPKXPHWldhtnggM2qynaE5fApgTGc3pOQLJBTQNPmgiSIRmOg==",
      "dev": true
    }
  }
}
